// !$*UTF8*$!
{
	archiveVersion = 1;
	classes = {
	};
	objectVersion = 77;
	objects = {

/* Begin PBXBuildFile section */
		1B7B9C052EB06F09001FA0D9 /* GoogleSignIn in Frameworks */ = {isa = PBXBuildFile; productRef = 1B7B9C042EB06F09001FA0D9 /* GoogleSignIn */; };
		1B7B9C072EB06F09001FA0D9 /* GoogleSignInSwift in Frameworks */ = {isa = PBXBuildFile; productRef = 1B7B9C062EB06F09001FA0D9 /* GoogleSignInSwift */; };
		C0E397222EA9912F006C1294 /* FirebaseAnalytics in Frameworks */ = {isa = PBXBuildFile; productRef = C0E397212EA9912F006C1294 /* FirebaseAnalytics */; };
		C0E397242EA9912F006C1294 /* FirebaseDatabase in Frameworks */ = {isa = PBXBuildFile; productRef = C0E397232EA9912F006C1294 /* FirebaseDatabase */; };
		C0E397262EA9912F006C1294 /* FirebaseFirestore in Frameworks */ = {isa = PBXBuildFile; productRef = C0E397252EA9912F006C1294 /* FirebaseFirestore */; };
		C0E397282EA9912F006C1294 /* FirebaseStorage in Frameworks */ = {isa = PBXBuildFile; productRef = C0E397272EA9912F006C1294 /* FirebaseStorage */; };
		E50BA5712E21EF5400002BA8 /* FirebaseAuth in Frameworks */ = {isa = PBXBuildFile; productRef = E50BA5702E21EF5400002BA8 /* FirebaseAuth */; };
/* End PBXBuildFile section */

/* Begin PBXContainerItemProxy section */
		E50BA5532E21BFC300002BA8 /* PBXContainerItemProxy */ = {
			isa = PBXContainerItemProxy;
			containerPortal = E50BA53D2E21BFC100002BA8 /* Project object */;
			proxyType = 1;
			remoteGlobalIDString = E50BA5442E21BFC100002BA8;
			remoteInfo = PeakShape;
		};
		E50BA55D2E21BFC300002BA8 /* PBXContainerItemProxy */ = {
			isa = PBXContainerItemProxy;
			containerPortal = E50BA53D2E21BFC100002BA8 /* Project object */;
			proxyType = 1;
			remoteGlobalIDString = E50BA5442E21BFC100002BA8;
			remoteInfo = PeakShape;
		};
/* End PBXContainerItemProxy section */

/* Begin PBXFileReference section */
		E50BA5452E21BFC100002BA8 /* PeakShape.app */ = {isa = PBXFileReference; explicitFileType = wrapper.application; includeInIndex = 0; path = PeakShape.app; sourceTree = BUILT_PRODUCTS_DIR; };
		E50BA5522E21BFC300002BA8 /* PeakShapeTests.xctest */ = {isa = PBXFileReference; explicitFileType = wrapper.cfbundle; includeInIndex = 0; path = PeakShapeTests.xctest; sourceTree = BUILT_PRODUCTS_DIR; };
		E50BA55C2E21BFC300002BA8 /* PeakShapeUITests.xctest */ = {isa = PBXFileReference; explicitFileType = wrapper.cfbundle; includeInIndex = 0; path = PeakShapeUITests.xctest; sourceTree = BUILT_PRODUCTS_DIR; };
/* End PBXFileReference section */

/* Begin PBXFileSystemSynchronizedBuildFileExceptionSet section */
		1B7B9C022EB06CF9001FA0D9 /* Exceptions for "PeakShape" folder in "PeakShape" target */ = {
			isa = PBXFileSystemSynchronizedBuildFileExceptionSet;
			membershipExceptions = (
				Info.plist,
			);
			target = E50BA5442E21BFC100002BA8 /* PeakShape */;
		};
/* End PBXFileSystemSynchronizedBuildFileExceptionSet section */

/* Begin PBXFileSystemSynchronizedRootGroup section */
		E50BA5472E21BFC100002BA8 /* PeakShape */ = {
			isa = PBXFileSystemSynchronizedRootGroup;
			exceptions = (
				1B7B9C022EB06CF9001FA0D9 /* Exceptions for "PeakShape" folder in "PeakShape" target */,
			);
			path = PeakShape;
			sourceTree = "<group>";
		};
		E50BA5552E21BFC300002BA8 /* PeakShapeTests */ = {
			isa = PBXFileSystemSynchronizedRootGroup;
			path = PeakShapeTests;
			sourceTree = "<group>";
		};
		E50BA55F2E21BFC300002BA8 /* PeakShapeUITests */ = {
			isa = PBXFileSystemSynchronizedRootGroup;
			path = PeakShapeUITests;
			sourceTree = "<group>";
		};
/* End PBXFileSystemSynchronizedRootGroup section */

/* Begin PBXFrameworksBuildPhase section */
		E50BA5422E21BFC100002BA8 /* Frameworks */ = {
			isa = PBXFrameworksBuildPhase;
			buildActionMask = 2147483647;
			files = (
				C0E397242EA9912F006C1294 /* FirebaseDatabase in Frameworks */,
				C0E397262EA9912F006C1294 /* FirebaseFirestore in Frameworks */,
				1B7B9C072EB06F09001FA0D9 /* GoogleSignInSwift in Frameworks */,
				C0E397222EA9912F006C1294 /* FirebaseAnalytics in Frameworks */,
				C0E397282EA9912F006C1294 /* FirebaseStorage in Frameworks */,
				E50BA5712E21EF5400002BA8 /* FirebaseAuth in Frameworks */,
				1B7B9C052EB06F09001FA0D9 /* GoogleSignIn in Frameworks */,
			);
			runOnlyForDeploymentPostprocessing = 0;
		};
		E50BA54F2E21BFC300002BA8 /* Frameworks */ = {
			isa = PBXFrameworksBuildPhase;
			buildActionMask = 2147483647;
			files = (
			);
			runOnlyForDeploymentPostprocessing = 0;
		};
		E50BA5592E21BFC300002BA8 /* Frameworks */ = {
			isa = PBXFrameworksBuildPhase;
			buildActionMask = 2147483647;
			files = (
			);
			runOnlyForDeploymentPostprocessing = 0;
		};
/* End PBXFrameworksBuildPhase section */

/* Begin PBXGroup section */
		E50BA53C2E21BFC100002BA8 = {
			isa = PBXGroup;
			children = (
				E50BA5472E21BFC100002BA8 /* PeakShape */,
				E50BA5552E21BFC300002BA8 /* PeakShapeTests */,
				E50BA55F2E21BFC300002BA8 /* PeakShapeUITests */,
				E50BA5462E21BFC100002BA8 /* Products */,
			);
			sourceTree = "<group>";
		};
		E50BA5462E21BFC100002BA8 /* Products */ = {
			isa = PBXGroup;
			children = (
				E50BA5452E21BFC100002BA8 /* PeakShape.app */,
				E50BA5522E21BFC300002BA8 /* PeakShapeTests.xctest */,
				E50BA55C2E21BFC300002BA8 /* PeakShapeUITests.xctest */,
			);
			name = Products;
			sourceTree = "<group>";
		};
/* End PBXGroup section */

/* Begin PBXNativeTarget section */
		E50BA5442E21BFC100002BA8 /* PeakShape */ = {
			isa = PBXNativeTarget;
			buildConfigurationList = E50BA5662E21BFC300002BA8 /* Build configuration list for PBXNativeTarget "PeakShape" */;
			buildPhases = (
				E50BA5412E21BFC100002BA8 /* Sources */,
				E50BA5422E21BFC100002BA8 /* Frameworks */,
				E50BA5432E21BFC100002BA8 /* Resources */,
			);
			buildRules = (
			);
			dependencies = (
			);
			fileSystemSynchronizedGroups = (
				E50BA5472E21BFC100002BA8 /* PeakShape */,
			);
			name = PeakShape;
			packageProductDependencies = (
				E50BA5702E21EF5400002BA8 /* FirebaseAuth */,
				C0E397212EA9912F006C1294 /* FirebaseAnalytics */,
				C0E397232EA9912F006C1294 /* FirebaseDatabase */,
				C0E397252EA9912F006C1294 /* FirebaseFirestore */,
				C0E397272EA9912F006C1294 /* FirebaseStorage */,
				1B7B9C042EB06F09001FA0D9 /* GoogleSignIn */,
				1B7B9C062EB06F09001FA0D9 /* GoogleSignInSwift */,
			);
			productName = PeakShape;
			productReference = E50BA5452E21BFC100002BA8 /* PeakShape.app */;
			productType = "com.apple.product-type.application";
		};
		E50BA5512E21BFC300002BA8 /* PeakShapeTests */ = {
			isa = PBXNativeTarget;
			buildConfigurationList = E50BA5692E21BFC300002BA8 /* Build configuration list for PBXNativeTarget "PeakShapeTests" */;
			buildPhases = (
				E50BA54E2E21BFC300002BA8 /* Sources */,
				E50BA54F2E21BFC300002BA8 /* Frameworks */,
				E50BA5502E21BFC300002BA8 /* Resources */,
			);
			buildRules = (
			);
			dependencies = (
				E50BA5542E21BFC300002BA8 /* PBXTargetDependency */,
			);
			fileSystemSynchronizedGroups = (
				E50BA5552E21BFC300002BA8 /* PeakShapeTests */,
			);
			name = PeakShapeTests;
			packageProductDependencies = (
			);
			productName = PeakShapeTests;
			productReference = E50BA5522E21BFC300002BA8 /* PeakShapeTests.xctest */;
			productType = "com.apple.product-type.bundle.unit-test";
		};
		E50BA55B2E21BFC300002BA8 /* PeakShapeUITests */ = {
			isa = PBXNativeTarget;
			buildConfigurationList = E50BA56C2E21BFC300002BA8 /* Build configuration list for PBXNativeTarget "PeakShapeUITests" */;
			buildPhases = (
				E50BA5582E21BFC300002BA8 /* Sources */,
				E50BA5592E21BFC300002BA8 /* Frameworks */,
				E50BA55A2E21BFC300002BA8 /* Resources */,
			);
			buildRules = (
			);
			dependencies = (
				E50BA55E2E21BFC300002BA8 /* PBXTargetDependency */,
			);
			fileSystemSynchronizedGroups = (
				E50BA55F2E21BFC300002BA8 /* PeakShapeUITests */,
			);
			name = PeakShapeUITests;
			packageProductDependencies = (
			);
			productName = PeakShapeUITests;
			productReference = E50BA55C2E21BFC300002BA8 /* PeakShapeUITests.xctest */;
			productType = "com.apple.product-type.bundle.ui-testing";
		};
/* End PBXNativeTarget section */

/* Begin PBXProject section */
		E50BA53D2E21BFC100002BA8 /* Project object */ = {
			isa = PBXProject;
			attributes = {
				BuildIndependentTargetsInParallel = 1;
				LastSwiftUpdateCheck = 1640;
				LastUpgradeCheck = 1640;
				TargetAttributes = {
					E50BA5442E21BFC100002BA8 = {
						CreatedOnToolsVersion = 16.4;
					};
					E50BA5512E21BFC300002BA8 = {
						CreatedOnToolsVersion = 16.4;
						TestTargetID = E50BA5442E21BFC100002BA8;
					};
					E50BA55B2E21BFC300002BA8 = {
						CreatedOnToolsVersion = 16.4;
						TestTargetID = E50BA5442E21BFC100002BA8;
					};
				};
			};
			buildConfigurationList = E50BA5402E21BFC100002BA8 /* Build configuration list for PBXProject "PeakShape" */;
			developmentRegion = en;
			hasScannedForEncodings = 0;
			knownRegions = (
				en,
				Base,
			);
			mainGroup = E50BA53C2E21BFC100002BA8;
			minimizedProjectReferenceProxies = 1;
			packageReferences = (
				E50BA56F2E21EF5400002BA8 /* XCRemoteSwiftPackageReference "firebase-ios-sdk" */,
				1B7B9C032EB06F09001FA0D9 /* XCRemoteSwiftPackageReference "GoogleSignIn-iOS" */,
			);
			preferredProjectObjectVersion = 77;
			productRefGroup = E50BA5462E21BFC100002BA8 /* Products */;
			projectDirPath = "";
			projectRoot = "";
			targets = (
				E50BA5442E21BFC100002BA8 /* PeakShape */,
				E50BA5512E21BFC300002BA8 /* PeakShapeTests */,
				E50BA55B2E21BFC300002BA8 /* PeakShapeUITests */,
			);
		};
/* End PBXProject section */

/* Begin PBXResourcesBuildPhase section */
		E50BA5432E21BFC100002BA8 /* Resources */ = {
			isa = PBXResourcesBuildPhase;
			buildActionMask = 2147483647;
			files = (
			);
			runOnlyForDeploymentPostprocessing = 0;
		};
		E50BA5502E21BFC300002BA8 /* Resources */ = {
			isa = PBXResourcesBuildPhase;
			buildActionMask = 2147483647;
			files = (
			);
			runOnlyForDeploymentPostprocessing = 0;
		};
		E50BA55A2E21BFC300002BA8 /* Resources */ = {
			isa = PBXResourcesBuildPhase;
			buildActionMask = 2147483647;
			files = (
			);
			runOnlyForDeploymentPostprocessing = 0;
		};
/* End PBXResourcesBuildPhase section */

/* Begin PBXSourcesBuildPhase section */
		E50BA5412E21BFC100002BA8 /* Sources */ = {
			isa = PBXSourcesBuildPhase;
			buildActionMask = 2147483647;
			files = (
			);
			runOnlyForDeploymentPostprocessing = 0;
		};
		E50BA54E2E21BFC300002BA8 /* Sources */ = {
			isa = PBXSourcesBuildPhase;
			buildActionMask = 2147483647;
			files = (
			);
			runOnlyForDeploymentPostprocessing = 0;
		};
		E50BA5582E21BFC300002BA8 /* Sources */ = {
			isa = PBXSourcesBuildPhase;
			buildActionMask = 2147483647;
			files = (
			);
			runOnlyForDeploymentPostprocessing = 0;
		};
/* End PBXSourcesBuildPhase section */

/* Begin PBXTargetDependency section */
		E50BA5542E21BFC300002BA8 /* PBXTargetDependency */ = {
			isa = PBXTargetDependency;
			target = E50BA5442E21BFC100002BA8 /* PeakShape */;
			targetProxy = E50BA5532E21BFC300002BA8 /* PBXContainerItemProxy */;
		};
		E50BA55E2E21BFC300002BA8 /* PBXTargetDependency */ = {
			isa = PBXTargetDependency;
			target = E50BA5442E21BFC100002BA8 /* PeakShape */;
			targetProxy = E50BA55D2E21BFC300002BA8 /* PBXContainerItemProxy */;
		};
/* End PBXTargetDependency section */

/* Begin XCBuildConfiguration section */
		E50BA5642E21BFC300002BA8 /* Debug */ = {
			isa = XCBuildConfiguration;
			buildSettings = {
				ALWAYS_SEARCH_USER_PATHS = NO;
				ASSETCATALOG_COMPILER_GENERATE_SWIFT_ASSET_SYMBOL_EXTENSIONS = YES;
				CLANG_ANALYZER_NONNULL = YES;
				CLANG_ANALYZER_NUMBER_OBJECT_CONVERSION = YES_AGGRESSIVE;
				CLANG_CXX_LANGUAGE_STANDARD = "gnu++20";
				CLANG_ENABLE_MODULES = YES;
				CLANG_ENABLE_OBJC_ARC = YES;
				CLANG_ENABLE_OBJC_WEAK = YES;
				CLANG_WARN_BLOCK_CAPTURE_AUTORELEASING = YES;
				CLANG_WARN_BOOL_CONVERSION = YES;
				CLANG_WARN_COMMA = YES;
				CLANG_WARN_CONSTANT_CONVERSION = YES;
				CLANG_WARN_DEPRECATED_OBJC_IMPLEMENTATIONS = YES;
				CLANG_WARN_DIRECT_OBJC_ISA_USAGE = YES_ERROR;
				CLANG_WARN_DOCUMENTATION_COMMENTS = YES;
				CLANG_WARN_EMPTY_BODY = YES;
				CLANG_WARN_ENUM_CONVERSION = YES;
				CLANG_WARN_INFINITE_RECURSION = YES;
				CLANG_WARN_INT_CONVERSION = YES;
				CLANG_WARN_NON_LITERAL_NULL_CONVERSION = YES;
				CLANG_WARN_OBJC_IMPLICIT_RETAIN_SELF = YES;
				CLANG_WARN_OBJC_LITERAL_CONVERSION = YES;
				CLANG_WARN_OBJC_ROOT_CLASS = YES_ERROR;
				CLANG_WARN_QUOTED_INCLUDE_IN_FRAMEWORK_HEADER = YES;
				CLANG_WARN_RANGE_LOOP_ANALYSIS = YES;
				CLANG_WARN_STRICT_PROTOTYPES = YES;
				CLANG_WARN_SUSPICIOUS_MOVE = YES;
				CLANG_WARN_UNGUARDED_AVAILABILITY = YES_AGGRESSIVE;
				CLANG_WARN_UNREACHABLE_CODE = YES;
				CLANG_WARN__DUPLICATE_METHOD_MATCH = YES;
				COPY_PHASE_STRIP = NO;
				DEBUG_INFORMATION_FORMAT = dwarf;
				ENABLE_STRICT_OBJC_MSGSEND = YES;
				ENABLE_TESTABILITY = YES;
				ENABLE_USER_SCRIPT_SANDBOXING = YES;
				GCC_C_LANGUAGE_STANDARD = gnu17;
				GCC_DYNAMIC_NO_PIC = NO;
				GCC_NO_COMMON_BLOCKS = YES;
				GCC_OPTIMIZATION_LEVEL = 0;
				GCC_PREPROCESSOR_DEFINITIONS = (
					"DEBUG=1",
					"$(inherited)",
				);
				GCC_WARN_64_TO_32_BIT_CONVERSION = YES;
				GCC_WARN_ABOUT_RETURN_TYPE = YES_ERROR;
				GCC_WARN_UNDECLARED_SELECTOR = YES;
				GCC_WARN_UNINITIALIZED_AUTOS = YES_AGGRESSIVE;
				GCC_WARN_UNUSED_FUNCTION = YES;
				GCC_WARN_UNUSED_VARIABLE = YES;
				IPHONEOS_DEPLOYMENT_TARGET = 18.5;
				LOCALIZATION_PREFERS_STRING_CATALOGS = YES;
				MTL_ENABLE_DEBUG_INFO = INCLUDE_SOURCE;
				MTL_FAST_MATH = YES;
				ONLY_ACTIVE_ARCH = YES;
				SDKROOT = iphoneos;
				SWIFT_ACTIVE_COMPILATION_CONDITIONS = "DEBUG $(inherited)";
				SWIFT_OPTIMIZATION_LEVEL = "-Onone";
			};
			name = Debug;
		};
		E50BA5652E21BFC300002BA8 /* Release */ = {
			isa = XCBuildConfiguration;
			buildSettings = {
				ALWAYS_SEARCH_USER_PATHS = NO;
				ASSETCATALOG_COMPILER_GENERATE_SWIFT_ASSET_SYMBOL_EXTENSIONS = YES;
				CLANG_ANALYZER_NONNULL = YES;
				CLANG_ANALYZER_NUMBER_OBJECT_CONVERSION = YES_AGGRESSIVE;
				CLANG_CXX_LANGUAGE_STANDARD = "gnu++20";
				CLANG_ENABLE_MODULES = YES;
				CLANG_ENABLE_OBJC_ARC = YES;
				CLANG_ENABLE_OBJC_WEAK = YES;
				CLANG_WARN_BLOCK_CAPTURE_AUTORELEASING = YES;
				CLANG_WARN_BOOL_CONVERSION = YES;
				CLANG_WARN_COMMA = YES;
				CLANG_WARN_CONSTANT_CONVERSION = YES;
				CLANG_WARN_DEPRECATED_OBJC_IMPLEMENTATIONS = YES;
				CLANG_WARN_DIRECT_OBJC_ISA_USAGE = YES_ERROR;
				CLANG_WARN_DOCUMENTATION_COMMENTS = YES;
				CLANG_WARN_EMPTY_BODY = YES;
				CLANG_WARN_ENUM_CONVERSION = YES;
				CLANG_WARN_INFINITE_RECURSION = YES;
				CLANG_WARN_INT_CONVERSION = YES;
				CLANG_WARN_NON_LITERAL_NULL_CONVERSION = YES;
				CLANG_WARN_OBJC_IMPLICIT_RETAIN_SELF = YES;
				CLANG_WARN_OBJC_LITERAL_CONVERSION = YES;
				CLANG_WARN_OBJC_ROOT_CLASS = YES_ERROR;
				CLANG_WARN_QUOTED_INCLUDE_IN_FRAMEWORK_HEADER = YES;
				CLANG_WARN_RANGE_LOOP_ANALYSIS = YES;
				CLANG_WARN_STRICT_PROTOTYPES = YES;
				CLANG_WARN_SUSPICIOUS_MOVE = YES;
				CLANG_WARN_UNGUARDED_AVAILABILITY = YES_AGGRESSIVE;
				CLANG_WARN_UNREACHABLE_CODE = YES;
				CLANG_WARN__DUPLICATE_METHOD_MATCH = YES;
				COPY_PHASE_STRIP = NO;
				DEBUG_INFORMATION_FORMAT = "dwarf-with-dsym";
				ENABLE_NS_ASSERTIONS = NO;
				ENABLE_STRICT_OBJC_MSGSEND = YES;
				ENABLE_USER_SCRIPT_SANDBOXING = YES;
				GCC_C_LANGUAGE_STANDARD = gnu17;
				GCC_NO_COMMON_BLOCKS = YES;
				GCC_WARN_64_TO_32_BIT_CONVERSION = YES;
				GCC_WARN_ABOUT_RETURN_TYPE = YES_ERROR;
				GCC_WARN_UNDECLARED_SELECTOR = YES;
				GCC_WARN_UNINITIALIZED_AUTOS = YES_AGGRESSIVE;
				GCC_WARN_UNUSED_FUNCTION = YES;
				GCC_WARN_UNUSED_VARIABLE = YES;
				IPHONEOS_DEPLOYMENT_TARGET = 18.5;
				LOCALIZATION_PREFERS_STRING_CATALOGS = YES;
				MTL_ENABLE_DEBUG_INFO = NO;
				MTL_FAST_MATH = YES;
				SDKROOT = iphoneos;
				SWIFT_COMPILATION_MODE = wholemodule;
				VALIDATE_PRODUCT = YES;
			};
			name = Release;
		};
		E50BA5672E21BFC300002BA8 /* Debug */ = {
			isa = XCBuildConfiguration;
			buildSettings = {
				ASSETCATALOG_COMPILER_APPICON_NAME = AppIcon;
				ASSETCATALOG_COMPILER_GLOBAL_ACCENT_COLOR_NAME = AccentColor;
				CODE_SIGN_ENTITLEMENTS = PeakShape/PeakShape.entitlements;
				CODE_SIGN_STYLE = Automatic;
				CURRENT_PROJECT_VERSION = 1;
				DEVELOPMENT_TEAM = AK6J85W7AK;
				ENABLE_PREVIEWS = YES;
				GENERATE_INFOPLIST_FILE = YES;
				INFOPLIST_FILE = PeakShape/Info.plist;
				INFOPLIST_KEY_UIApplicationSceneManifest_Generation = YES;
				INFOPLIST_KEY_UIApplicationSupportsIndirectInputEvents = YES;
				INFOPLIST_KEY_UILaunchScreen_Generation = YES;
				INFOPLIST_KEY_UISupportedInterfaceOrientations_iPad = "UIInterfaceOrientationPortrait UIInterfaceOrientationPortraitUpsideDown UIInterfaceOrientationLandscapeLeft UIInterfaceOrientationLandscapeRight";
				INFOPLIST_KEY_UISupportedInterfaceOrientations_iPhone = "UIInterfaceOrientationPortrait UIInterfaceOrientationLandscapeLeft UIInterfaceOrientationLandscapeRight";
				LD_RUNPATH_SEARCH_PATHS = (
					"$(inherited)",
					"@executable_path/Frameworks",
				);
				MARKETING_VERSION = 1.0;
				PRODUCT_BUNDLE_IDENTIFIER = com.dreshaxn.Peakshape;
				PRODUCT_NAME = "$(TARGET_NAME)";
				SWIFT_EMIT_LOC_STRINGS = YES;
				SWIFT_VERSION = 5.0;
				TARGETED_DEVICE_FAMILY = "1,2";
			};
			name = Debug;
		};
		E50BA5682E21BFC300002BA8 /* Release */ = {
			isa = XCBuildConfiguration;
			buildSettings = {
				ASSETCATALOG_COMPILER_APPICON_NAME = AppIcon;
				ASSETCATALOG_COMPILER_GLOBAL_ACCENT_COLOR_NAME = AccentColor;
				CODE_SIGN_ENTITLEMENTS = PeakShape/PeakShape.entitlements;
				CODE_SIGN_STYLE = Automatic;
				CURRENT_PROJECT_VERSION = 1;
				DEVELOPMENT_TEAM = AK6J85W7AK;
				ENABLE_PREVIEWS = YES;
				GENERATE_INFOPLIST_FILE = YES;
				INFOPLIST_FILE = PeakShape/Info.plist;
				INFOPLIST_KEY_UIApplicationSceneManifest_Generation = YES;
				INFOPLIST_KEY_UIApplicationSupportsIndirectInputEvents = YES;
				INFOPLIST_KEY_UILaunchScreen_Generation = YES;
				INFOPLIST_KEY_UISupportedInterfaceOrientations_iPad = "UIInterfaceOrientationPortrait UIInterfaceOrientationPortraitUpsideDown UIInterfaceOrientationLandscapeLeft UIInterfaceOrientationLandscapeRight";
				INFOPLIST_KEY_UISupportedInterfaceOrientations_iPhone = "UIInterfaceOrientationPortrait UIInterfaceOrientationLandscapeLeft UIInterfaceOrientationLandscapeRight";
				LD_RUNPATH_SEARCH_PATHS = (
					"$(inherited)",
					"@executable_path/Frameworks",
				);
				MARKETING_VERSION = 1.0;
				PRODUCT_BUNDLE_IDENTIFIER = com.dreshaxn.Peakshape;
				PRODUCT_NAME = "$(TARGET_NAME)";
				SWIFT_EMIT_LOC_STRINGS = YES;
				SWIFT_VERSION = 5.0;
				TARGETED_DEVICE_FAMILY = "1,2";
			};
			name = Release;
		};
		E50BA56A2E21BFC300002BA8 /* Debug */ = {
			isa = XCBuildConfiguration;
			buildSettings = {
				BUNDLE_LOADER = "$(TEST_HOST)";
				CODE_SIGN_STYLE = Automatic;
				CURRENT_PROJECT_VERSION = 1;
				GENERATE_INFOPLIST_FILE = YES;
				IPHONEOS_DEPLOYMENT_TARGET = 18.5;
				MARKETING_VERSION = 1.0;
				PRODUCT_BUNDLE_IDENTIFIER = com.dreshawn.PeakShape.PeakShapeTests;
				PRODUCT_NAME = "$(TARGET_NAME)";
				SWIFT_EMIT_LOC_STRINGS = NO;
				SWIFT_VERSION = 5.0;
				TARGETED_DEVICE_FAMILY = "1,2";
				TEST_HOST = "$(BUILT_PRODUCTS_DIR)/PeakShape.app/$(BUNDLE_EXECUTABLE_FOLDER_PATH)/PeakShape";
			};
			name = Debug;
		};
		E50BA56B2E21BFC300002BA8 /* Release */ = {
			isa = XCBuildConfiguration;
			buildSettings = {
				BUNDLE_LOADER = "$(TEST_HOST)";
				CODE_SIGN_STYLE = Automatic;
				CURRENT_PROJECT_VERSION = 1;
				GENERATE_INFOPLIST_FILE = YES;
				IPHONEOS_DEPLOYMENT_TARGET = 18.5;
				MARKETING_VERSION = 1.0;
				PRODUCT_BUNDLE_IDENTIFIER = com.dreshawn.PeakShape.PeakShapeTests;
				PRODUCT_NAME = "$(TARGET_NAME)";
				SWIFT_EMIT_LOC_STRINGS = NO;
				SWIFT_VERSION = 5.0;
				TARGETED_DEVICE_FAMILY = "1,2";
				TEST_HOST = "$(BUILT_PRODUCTS_DIR)/PeakShape.app/$(BUNDLE_EXECUTABLE_FOLDER_PATH)/PeakShape";
			};
			name = Release;
		};
		E50BA56D2E21BFC300002BA8 /* Debug */ = {
			isa = XCBuildConfiguration;
			buildSettings = {
				CODE_SIGN_STYLE = Automatic;
				CURRENT_PROJECT_VERSION = 1;
				GENERATE_INFOPLIST_FILE = YES;
				MARKETING_VERSION = 1.0;
				PRODUCT_BUNDLE_IDENTIFIER = com.dreshawn.PeakShape.PeakShapeUITests;
				PRODUCT_NAME = "$(TARGET_NAME)";
				SWIFT_EMIT_LOC_STRINGS = NO;
				SWIFT_VERSION = 5.0;
				TARGETED_DEVICE_FAMILY = "1,2";
				TEST_TARGET_NAME = PeakShape;
			};
			name = Debug;
		};
		E50BA56E2E21BFC300002BA8 /* Release */ = {
			isa = XCBuildConfiguration;
			buildSettings = {
				CODE_SIGN_STYLE = Automatic;
				CURRENT_PROJECT_VERSION = 1;
				GENERATE_INFOPLIST_FILE = YES;
				MARKETING_VERSION = 1.0;
				PRODUCT_BUNDLE_IDENTIFIER = com.dreshawn.PeakShape.PeakShapeUITests;
				PRODUCT_NAME = "$(TARGET_NAME)";
				SWIFT_EMIT_LOC_STRINGS = NO;
				SWIFT_VERSION = 5.0;
				TARGETED_DEVICE_FAMILY = "1,2";
				TEST_TARGET_NAME = PeakShape;
			};
			name = Release;
		};
/* End XCBuildConfiguration section */

/* Begin XCConfigurationList section */
		E50BA5402E21BFC100002BA8 /* Build configuration list for PBXProject "PeakShape" */ = {
			isa = XCConfigurationList;
			buildConfigurations = (
				E50BA5642E21BFC300002BA8 /* Debug */,
				E50BA5652E21BFC300002BA8 /* Release */,
			);
			defaultConfigurationIsVisible = 0;
			defaultConfigurationName = Release;
		};
		E50BA5662E21BFC300002BA8 /* Build configuration list for PBXNativeTarget "PeakShape" */ = {
			isa = XCConfigurationList;
			buildConfigurations = (
				E50BA5672E21BFC300002BA8 /* Debug */,
				E50BA5682E21BFC300002BA8 /* Release */,
			);
			defaultConfigurationIsVisible = 0;
			defaultConfigurationName = Release;
		};
		E50BA5692E21BFC300002BA8 /* Build configuration list for PBXNativeTarget "PeakShapeTests" */ = {
			isa = XCConfigurationList;
			buildConfigurations = (
				E50BA56A2E21BFC300002BA8 /* Debug */,
				E50BA56B2E21BFC300002BA8 /* Release */,
			);
			defaultConfigurationIsVisible = 0;
			defaultConfigurationName = Release;
		};
		E50BA56C2E21BFC300002BA8 /* Build configuration list for PBXNativeTarget "PeakShapeUITests" */ = {
			isa = XCConfigurationList;
			buildConfigurations = (
				E50BA56D2E21BFC300002BA8 /* Debug */,
				E50BA56E2E21BFC300002BA8 /* Release */,
			);
			defaultConfigurationIsVisible = 0;
			defaultConfigurationName = Release;
		};
/* End XCConfigurationList section */

/* Begin XCRemoteSwiftPackageReference section */
		1B7B9C032EB06F09001FA0D9 /* XCRemoteSwiftPackageReference "GoogleSignIn-iOS" */ = {
			isa = XCRemoteSwiftPackageReference;
			repositoryURL = "https://github.com/google/GoogleSignIn-iOS";
			requirement = {
				kind = upToNextMajorVersion;
				minimumVersion = 9.0.0;
			};
		};
		E50BA56F2E21EF5400002BA8 /* XCRemoteSwiftPackageReference "firebase-ios-sdk" */ = {
			isa = XCRemoteSwiftPackageReference;
			repositoryURL = "https://github.com/firebase/firebase-ios-sdk";
			requirement = {
				kind = upToNextMajorVersion;
				minimumVersion = 11.15.0;
			};
		};
/* End XCRemoteSwiftPackageReference section */

/* Begin XCSwiftPackageProductDependency section */
		1B7B9C042EB06F09001FA0D9 /* GoogleSignIn */ = {
			isa = XCSwiftPackageProductDependency;
			package = 1B7B9C032EB06F09001FA0D9 /* XCRemoteSwiftPackageReference "GoogleSignIn-iOS" */;
			productName = GoogleSignIn;
		};
		1B7B9C062EB06F09001FA0D9 /* GoogleSignInSwift */ = {
			isa = XCSwiftPackageProductDependency;
			package = 1B7B9C032EB06F09001FA0D9 /* XCRemoteSwiftPackageReference "GoogleSignIn-iOS" */;
			productName = GoogleSignInSwift;
		};
		C0E397212EA9912F006C1294 /* FirebaseAnalytics */ = {
			isa = XCSwiftPackageProductDependency;
			productName = FirebaseAnalytics;
		};
		C0E397232EA9912F006C1294 /* FirebaseDatabase */ = {
			isa = XCSwiftPackageProductDependency;
			productName = FirebaseDatabase;
		};
		C0E397252EA9912F006C1294 /* FirebaseFirestore */ = {
			isa = XCSwiftPackageProductDependency;
			productName = FirebaseFirestore;
		};
		C0E397272EA9912F006C1294 /* FirebaseStorage */ = {
			isa = XCSwiftPackageProductDependency;
			productName = FirebaseStorage;
		};
		E50BA5702E21EF5400002BA8 /* FirebaseAuth */ = {
			isa = XCSwiftPackageProductDependency;
			package = E50BA56F2E21EF5400002BA8 /* XCRemoteSwiftPackageReference "firebase-ios-sdk" */;
			productName = FirebaseAuth;
		};
/* End XCSwiftPackageProductDependency section */
	};
	rootObject = E50BA53D2E21BFC100002BA8 /* Project object */;
}
